github.com/pkg/errors v0.9.1 h1:FEBLx1zS214owpjy7qsBeixbURkuhQAwrK5UwLGTwt4=
github.com/pkg/errors v0.9.1/go.mod h1:bwawxfHBFNV+L2hUp1rHADufV3IMtnDRdf1r5NINEl0=
github.com/prashantv/gostub v1.0.0 h1:wTzvgO04xSS3gHuz6Vhuo0/kvWelyJxwNS0IRBPAwGY=
github.com/prashantv/gostub v1.0.0/go.mod h1:dP1v6T1QzyGJJKFocwAU0lSZKpfjstjH8TlhkEU0on0=
